
Microsoft Visual Studio Solution File, Format Version 12.00
# Visual Studio Version 17
VisualStudioVersion = 17.4.33110.190
MinimumVisualStudioVersion = 10.0.40219.1
Project("{FAE04EC0-301F-11D3-BF4B-00C04F79EFBC}") = "JupiterStore", "JupiterStore\JupiterStore.csproj", "{D470B696-69A6-4FE0-B66B-638CD84A604B}"
EndProject
Project("{FAE04EC0-301F-11D3-BF4B-00C04F79EFBC}") = "JupiterTest", "JupiterTest\JupiterTest.csproj", "{13275CB7-BF91-488A-949A-4BD86FEF6122}"
EndProject
Global
	GlobalSection(SolutionConfigurationPlatforms) = preSolution
		Debug|Any CPU = Debug|Any CPU
		Release|Any CPU = Release|Any CPU
	EndGlobalSection
	GlobalSection(ProjectConfigurationPlatforms) = postSolution
		{D470B696-69A6-4FE0-B66B-638CD84A604B}.Debug|Any CPU.ActiveCfg = Debug|Any CPU
		{D470B696-69A6-4FE0-B66B-638CD84A604B}.Debug|Any CPU.Build.0 = Debug|Any CPU
		{D470B696-69A6-4FE0-B66B-638CD84A604B}.Release|Any CPU.ActiveCfg = Release|Any CPU
		{D470B696-69A6-4FE0-B66B-638CD84A604B}.Release|Any CPU.Build.0 = Release|Any CPU
		{13275CB7-BF91-488A-949A-4BD86FEF6122}.Debug|Any CPU.ActiveCfg = Debug|Any CPU
		{13275CB7-BF91-488A-949A-4BD86FEF6122}.Debug|Any CPU.Build.0 = Debug|Any CPU
		{13275CB7-BF91-488A-949A-4BD86FEF6122}.Release|Any CPU.ActiveCfg = Release|Any CPU
		{13275CB7-BF91-488A-949A-4BD86FEF6122}.Release|Any CPU.Build.0 = Release|Any CPU
	EndGlobalSection
	GlobalSection(SolutionProperties) = preSolution
		HideSolutionNode = FALSE
	EndGlobalSection
	GlobalSection(ExtensibilityGlobals) = postSolution
		SolutionGuid = {642A1154-B2DD-4085-9044-5DDE3CC4E4A7}
	EndGlobalSection
EndGlobal
